
Microsoft Visual Studio Solution File, Format Version 11.00
# Visual Studio 2010
Project("{FAE04EC0-301F-11D3-BF4B-00C04F79EFBC}") = "Assembly-CSharp", "Assembly-CSharp.csproj", "{ae81a01f-7486-607b-cbf8-6d9fff416e48}"
EndProject
Project("{FAE04EC0-301F-11D3-BF4B-00C04F79EFBC}") = "Assembly-CSharp-Editor", "Assembly-CSharp-Editor.csproj", "{fe590908-f249-d957-26f1-26a2d3f7f55c}"
EndProject
Global
	GlobalSection(SolutionConfigurationPlatforms) = preSolution
		Debug|Any CPU = Debug|Any CPU
	EndGlobalSection
	GlobalSection(ProjectConfigurationPlatforms) = postSolution
		{ae81a01f-7486-607b-cbf8-6d9fff416e48}.Debug|Any CPU.ActiveCfg = Debug|Any CPU
		{ae81a01f-7486-607b-cbf8-6d9fff416e48}.Debug|Any CPU.Build.0 = Debug|Any CPU
		{fe590908-f249-d957-26f1-26a2d3f7f55c}.Debug|Any CPU.ActiveCfg = Debug|Any CPU
		{fe590908-f249-d957-26f1-26a2d3f7f55c}.Debug|Any CPU.Build.0 = Debug|Any CPU
	EndGlobalSection
	GlobalSection(SolutionProperties) = preSolution
		HideSolutionNode = FALSE
	EndGlobalSection
EndGlobal
